
Microsoft Visual Studio Solution File, Format Version 12.00
# Visual Studio Version 17
VisualStudioVersion = 17.13.35919.96 d17.13
MinimumVisualStudioVersion = 10.0.40219.1
Project("{FAE04EC0-301F-11D3-BF4B-00C04F79EFBC}") = "website", "website\website.csproj", "{9956CBFC-3205-44BC-ADFC-76FCB717445B}"
EndProject
Global
	GlobalSection(SolutionConfigurationPlatforms) = preSolution
		Debug|Any CPU = Debug|Any CPU
		Release|Any CPU = Release|Any CPU
	EndGlobalSection
	GlobalSection(ProjectConfigurationPlatforms) = postSolution
		{9956CBFC-3205-44BC-ADFC-76FCB717445B}.Debug|Any CPU.ActiveCfg = Debug|Any CPU
		{9956CBFC-3205-44BC-ADFC-76FCB717445B}.Debug|Any CPU.Build.0 = Debug|Any CPU
		{9956CBFC-3205-44BC-ADFC-76FCB717445B}.Release|Any CPU.ActiveCfg = Release|Any CPU
		{9956CBFC-3205-44BC-ADFC-76FCB717445B}.Release|Any CPU.Build.0 = Release|Any CPU
	EndGlobalSection
	GlobalSection(SolutionProperties) = preSolution
		HideSolutionNode = FALSE
	EndGlobalSection
	GlobalSection(ExtensibilityGlobals) = postSolution
		SolutionGuid = {1B5404BE-CE9B-4514-82F0-63E2DE4B61FA}
	EndGlobalSection
EndGlobal
